
Microsoft Visual Studio Solution File, Format Version 12.00
# Visual Studio Version 16
VisualStudioVersion = 16.0.31321.278
MinimumVisualStudioVersion = 10.0.40219.1
Project("{FAE04EC0-301F-11D3-BF4B-00C04F79EFBC}") = "Project", "Project\Project.csproj", "{32D6695B-D71A-4DBF-815F-3F69883B339E}"
EndProject
Global
	GlobalSection(SolutionConfigurationPlatforms) = preSolution
		Debug|Any CPU = Debug|Any CPU
		Release|Any CPU = Release|Any CPU
	EndGlobalSection
	GlobalSection(ProjectConfigurationPlatforms) = postSolution
		{32D6695B-D71A-4DBF-815F-3F69883B339E}.Debug|Any CPU.ActiveCfg = Debug|Any CPU
		{32D6695B-D71A-4DBF-815F-3F69883B339E}.Debug|Any CPU.Build.0 = Debug|Any CPU
		{32D6695B-D71A-4DBF-815F-3F69883B339E}.Release|Any CPU.ActiveCfg = Release|Any CPU
		{32D6695B-D71A-4DBF-815F-3F69883B339E}.Release|Any CPU.Build.0 = Release|Any CPU
	EndGlobalSection
	GlobalSection(SolutionProperties) = preSolution
		HideSolutionNode = FALSE
	EndGlobalSection
	GlobalSection(ExtensibilityGlobals) = postSolution
		SolutionGuid = {8FB45E51-7509-48B2-A824-77FA736406AE}
	EndGlobalSection
EndGlobal
